// !$*UTF8*$!
{
	archiveVersion = 1;
	classes = {
	};
	objectVersion = 50;
	objects = {

/* Begin PBXBuildFile section */
		6A03B3CB242FC14F001A080D /* AppDelegate.swift in Sources */ = {isa = PBXBuildFile; fileRef = 6A03B3CA242FC14F001A080D /* AppDelegate.swift */; };
		6A03B3CD242FC14F001A080D /* SceneDelegate.swift in Sources */ = {isa = PBXBuildFile; fileRef = 6A03B3CC242FC14F001A080D /* SceneDelegate.swift */; };
		6A03B3D0242FC14F001A080D /* PizzaApp.xcdatamodeld in Sources */ = {isa = PBXBuildFile; fileRef = 6A03B3CE242FC14F001A080D /* PizzaApp.xcdatamodeld */; };
		6A03B3D2242FC14F001A080D /* ContentView.swift in Sources */ = {isa = PBXBuildFile; fileRef = 6A03B3D1242FC14F001A080D /* ContentView.swift */; };
		6A03B3D4242FC154001A080D /* Assets.xcassets in Resources */ = {isa = PBXBuildFile; fileRef = 6A03B3D3242FC154001A080D /* Assets.xcassets */; };
		6A03B3D7242FC154001A080D /* Preview Assets.xcassets in Resources */ = {isa = PBXBuildFile; fileRef = 6A03B3D6242FC154001A080D /* Preview Assets.xcassets */; };
		6A03B3DA242FC154001A080D /* LaunchScreen.storyboard in Resources */ = {isa = PBXBuildFile; fileRef = 6A03B3D8242FC154001A080D /* LaunchScreen.storyboard */; };
		6A03B3E3242FC3F8001A080D /* Order+CoreDataClass.swift in Sources */ = {isa = PBXBuildFile; fileRef = 6A03B3E1242FC3F8001A080D /* Order+CoreDataClass.swift */; };
		6A03B3E4242FC3F8001A080D /* Order+CoreDataProperties.swift in Sources */ = {isa = PBXBuildFile; fileRef = 6A03B3E2242FC3F8001A080D /* Order+CoreDataProperties.swift */; };
		6A03B3E6242FCF6D001A080D /* OrderSheet.swift in Sources */ = {isa = PBXBuildFile; fileRef = 6A03B3E5242FCF6D001A080D /* OrderSheet.swift */; };
/* End PBXBuildFile section */

/* Begin PBXFileReference section */
		6A03B3C7242FC14F001A080D /* PizzaApp.app */ = {isa = PBXFileReference; explicitFileType = wrapper.application; includeInIndex = 0; path = PizzaApp.app; sourceTree = BUILT_PRODUCTS_DIR; };
		6A03B3CA242FC14F001A080D /* AppDelegate.swift */ = {isa = PBXFileReference; lastKnownFileType = sourcecode.swift; path = AppDelegate.swift; sourceTree = "<group>"; };
		6A03B3CC242FC14F001A080D /* SceneDelegate.swift */ = {isa = PBXFileReference; lastKnownFileType = sourcecode.swift; path = SceneDelegate.swift; sourceTree = "<group>"; };
		6A03B3CF242FC14F001A080D /* PizzaApp.xcdatamodel */ = {isa = PBXFileReference; lastKnownFileType = wrapper.xcdatamodel; path = PizzaApp.xcdatamodel; sourceTree = "<group>"; };
		6A03B3D1242FC14F001A080D /* ContentView.swift */ = {isa = PBXFileReference; lastKnownFileType = sourcecode.swift; path = ContentView.swift; sourceTree = "<group>"; };
		6A03B3D3242FC154001A080D /* Assets.xcassets */ = {isa = PBXFileReference; lastKnownFileType = folder.assetcatalog; path = Assets.xcassets; sourceTree = "<group>"; };
		6A03B3D6242FC154001A080D /* Preview Assets.xcassets */ = {isa = PBXFileReference; lastKnownFileType = folder.assetcatalog; path = "Preview Assets.xcassets"; sourceTree = "<group>"; };
		6A03B3D9242FC154001A080D /* Base */ = {isa = PBXFileReference; lastKnownFileType = file.storyboard; name = Base; path = Base.lproj/LaunchScreen.storyboard; sourceTree = "<group>"; };
		6A03B3DB242FC154001A080D /* Info.plist */ = {isa = PBXFileReference; lastKnownFileType = text.plist.xml; path = Info.plist; sourceTree = "<group>"; };
		6A03B3E1242FC3F8001A080D /* Order+CoreDataClass.swift */ = {isa = PBXFileReference; lastKnownFileType = sourcecode.swift; path = "Order+CoreDataClass.swift"; sourceTree = SOURCE_ROOT; };
		6A03B3E2242FC3F8001A080D /* Order+CoreDataProperties.swift */ = {isa = PBXFileReference; lastKnownFileType = sourcecode.swift; path = "Order+CoreDataProperties.swift"; sourceTree = SOURCE_ROOT; };
		6A03B3E5242FCF6D001A080D /* OrderSheet.swift */ = {isa = PBXFileReference; lastKnownFileType = sourcecode.swift; path = OrderSheet.swift; sourceTree = "<group>"; };
/* End PBXFileReference section */

/* Begin PBXFrameworksBuildPhase section */
		6A03B3C4242FC14F001A080D /* Frameworks */ = {
			isa = PBXFrameworksBuildPhase;
			buildActionMask = 2147483647;
			files = (
			);
			runOnlyForDeploymentPostprocessing = 0;
		};
/* End PBXFrameworksBuildPhase section */

/* Begin PBXGroup section */
		6A03B3BE242FC14F001A080D = {
			isa = PBXGroup;
			children = (
				6A03B3C9242FC14F001A080D /* PizzaApp */,
				6A03B3C8242FC14F001A080D /* Products */,
			);
			sourceTree = "<group>";
		};
		6A03B3C8242FC14F001A080D /* Products */ = {
			isa = PBXGroup;
			children = (
				6A03B3C7242FC14F001A080D /* PizzaApp.app */,
			);
			name = Products;
			sourceTree = "<group>";
		};
		6A03B3C9242FC14F001A080D /* PizzaApp */ = {
			isa = PBXGroup;
			children = (
				6A03B3E1242FC3F8001A080D /* Order+CoreDataClass.swift */,
				6A03B3E2242FC3F8001A080D /* Order+CoreDataProperties.swift */,
				6A03B3CA242FC14F001A080D /* AppDelegate.swift */,
				6A03B3CC242FC14F001A080D /* SceneDelegate.swift */,
				6A03B3D1242FC14F001A080D /* ContentView.swift */,
				6A03B3D3242FC154001A080D /* Assets.xcassets */,
				6A03B3D8242FC154001A080D /* LaunchScreen.storyboard */,
				6A03B3DB242FC154001A080D /* Info.plist */,
				6A03B3CE242FC14F001A080D /* PizzaApp.xcdatamodeld */,
				6A03B3D5242FC154001A080D /* Preview Content */,
				6A03B3E5242FCF6D001A080D /* OrderSheet.swift */,
			);
			path = PizzaApp;
			sourceTree = "<group>";
		};
		6A03B3D5242FC154001A080D /* Preview Content */ = {
			isa = PBXGroup;
			children = (
				6A03B3D6242FC154001A080D /* Preview Assets.xcassets */,
			);
			path = "Preview Content";
			sourceTree = "<group>";
		};
/* End PBXGroup section */

/* Begin PBXNativeTarget section */
		6A03B3C6242FC14F001A080D /* PizzaApp */ = {
			isa = PBXNativeTarget;
			buildConfigurationList = 6A03B3DE242FC154001A080D /* Build configuration list for PBXNativeTarget "PizzaApp" */;
			buildPhases = (
				6A03B3C3242FC14F001A080D /* Sources */,
				6A03B3C4242FC14F001A080D /* Frameworks */,
				6A03B3C5242FC14F001A080D /* Resources */,
			);
			buildRules = (
			);
			dependencies = (
			);
			name = PizzaApp;
			productName = PizzaApp;
			productReference = 6A03B3C7242FC14F001A080D /* PizzaApp.app */;
			productType = "com.apple.product-type.application";
		};
/* End PBXNativeTarget section */

/* Begin PBXProject section */
		6A03B3BF242FC14F001A080D /* Project object */ = {
			isa = PBXProject;
			attributes = {
				LastSwiftUpdateCheck = 1140;
				LastUpgradeCheck = 1140;
				ORGANIZATIONNAME = "Alejandro Franco";
				TargetAttributes = {
					6A03B3C6242FC14F001A080D = {
						CreatedOnToolsVersion = 11.4;
					};
				};
			};
			buildConfigurationList = 6A03B3C2242FC14F001A080D /* Build configuration list for PBXProject "PizzaApp" */;
			compatibilityVersion = "Xcode 9.3";
			developmentRegion = en;
			hasScannedForEncodings = 0;
			knownRegions = (
				en,
				Base,
			);
			mainGroup = 6A03B3BE242FC14F001A080D;
			productRefGroup = 6A03B3C8242FC14F001A080D /* Products */;
			projectDirPath = "";
			projectRoot = "";
			targets = (
				6A03B3C6242FC14F001A080D /* PizzaApp */,
			);
		};
/* End PBXProject section */

/* Begin PBXResourcesBuildPhase section */
		6A03B3C5242FC14F001A080D /* Resources */ = {
			isa = PBXResourcesBuildPhase;
			buildActionMask = 2147483647;
			files = (
				6A03B3DA242FC154001A080D /* LaunchScreen.storyboard in Resources */,
				6A03B3D7242FC154001A080D /* Preview Assets.xcassets in Resources */,
				6A03B3D4242FC154001A080D /* Assets.xcassets in Resources */,
			);
			runOnlyForDeploymentPostprocessing = 0;
		};
/* End PBXResourcesBuildPhase section */

/* Begin PBXSourcesBuildPhase section */
		6A03B3C3242FC14F001A080D /* Sources */ = {
			isa = PBXSourcesBuildPhase;
			buildActionMask = 2147483647;
			files = (
				6A03B3E4242FC3F8001A080D /* Order+CoreDataProperties.swift in Sources */,
				6A03B3D0242FC14F001A080D /* PizzaApp.xcdatamodeld in Sources */,
				6A03B3CB242FC14F001A080D /* AppDelegate.swift in Sources */,
				6A03B3D2242FC14F001A080D /* ContentView.swift in Sources */,
				6A03B3E3242FC3F8001A080D /* Order+CoreDataClass.swift in Sources */,
				6A03B3E6242FCF6D001A080D /* OrderSheet.swift in Sources */,
				6A03B3CD242FC14F001A080D /* SceneDelegate.swift in Sources */,
			);
			runOnlyForDeploymentPostprocessing = 0;
		};
/* End PBXSourcesBuildPhase section */

/* Begin PBXVariantGroup section */
		6A03B3D8242FC154001A080D /* LaunchScreen.storyboard */ = {
			isa = PBXVariantGroup;
			children = (
				6A03B3D9242FC154001A080D /* Base */,
			);
			name = LaunchScreen.storyboard;
			sourceTree = "<group>";
		};
/* End PBXVariantGroup section */

/* Begin XCBuildConfiguration section */
		6A03B3DC242FC154001A080D /* Debug */ = {
			isa = XCBuildConfiguration;
			buildSettings = {
				ALWAYS_SEARCH_USER_PATHS = NO;
				CLANG_ANALYZER_NONNULL = YES;
				CLANG_ANALYZER_NUMBER_OBJECT_CONVERSION = YES_AGGRESSIVE;
				CLANG_CXX_LANGUAGE_STANDARD = "gnu++14";
				CLANG_CXX_LIBRARY = "libc++";
				CLANG_ENABLE_MODULES = YES;
				CLANG_ENABLE_OBJC_ARC = YES;
				CLANG_ENABLE_OBJC_WEAK = YES;
				CLANG_WARN_BLOCK_CAPTURE_AUTORELEASING = YES;
				CLANG_WARN_BOOL_CONVERSION = YES;
				CLANG_WARN_COMMA = YES;
				CLANG_WARN_CONSTANT_CONVERSION = YES;
				CLANG_WARN_DEPRECATED_OBJC_IMPLEMENTATIONS = YES;
				CLANG_WARN_DIRECT_OBJC_ISA_USAGE = YES_ERROR;
				CLANG_WARN_DOCUMENTATION_COMMENTS = YES;
				CLANG_WARN_EMPTY_BODY = YES;
				CLANG_WARN_ENUM_CONVERSION = YES;
				CLANG_WARN_INFINITE_RECURSION = YES;
				CLANG_WARN_INT_CONVERSION = YES;
				CLANG_WARN_NON_LITERAL_NULL_CONVERSION = YES;
				CLANG_WARN_OBJC_IMPLICIT_RETAIN_SELF = YES;
				CLANG_WARN_OBJC_LITERAL_CONVERSION = YES;
				CLANG_WARN_OBJC_ROOT_CLASS = YES_ERROR;
				CLANG_WARN_RANGE_LOOP_ANALYSIS = YES;
				CLANG_WARN_STRICT_PROTOTYPES = YES;
				CLANG_WARN_SUSPICIOUS_MOVE = YES;
				CLANG_WARN_UNGUARDED_AVAILABILITY = YES_AGGRESSIVE;
				CLANG_WARN_UNREACHABLE_CODE = YES;
				CLANG_WARN__DUPLICATE_METHOD_MATCH = YES;
				COPY_PHASE_STRIP = NO;
				DEBUG_INFORMATION_FORMAT = dwarf;
				ENABLE_STRICT_OBJC_MSGSEND = YES;
				ENABLE_TESTABILITY = YES;
				GCC_C_LANGUAGE_STANDARD = gnu11;
				GCC_DYNAMIC_NO_PIC = NO;
				GCC_NO_COMMON_BLOCKS = YES;
				GCC_OPTIMIZATION_LEVEL = 0;
				GCC_PREPROCESSOR_DEFINITIONS = (
					"DEBUG=1",
					"$(inherited)",
				);
				GCC_WARN_64_TO_32_BIT_CONVERSION = YES;
				GCC_WARN_ABOUT_RETURN_TYPE = YES_ERROR;
				GCC_WARN_UNDECLARED_SELECTOR = YES;
				GCC_WARN_UNINITIALIZED_AUTOS = YES_AGGRESSIVE;
				GCC_WARN_UNUSED_FUNCTION = YES;
				GCC_WARN_UNUSED_VARIABLE = YES;
				IPHONEOS_DEPLOYMENT_TARGET = 13.4;
				MTL_ENABLE_DEBUG_INFO = INCLUDE_SOURCE;
				MTL_FAST_MATH = YES;
				ONLY_ACTIVE_ARCH = YES;
				SDKROOT = iphoneos;
				SWIFT_ACTIVE_COMPILATION_CONDITIONS = DEBUG;
				SWIFT_OPTIMIZATION_LEVEL = "-Onone";
			};
			name = Debug;
		};
		6A03B3DD242FC154001A080D /* Release */ = {
			isa = XCBuildConfiguration;
			buildSettings = {
				ALWAYS_SEARCH_USER_PATHS = NO;
				CLANG_ANALYZER_NONNULL = YES;
				CLANG_ANALYZER_NUMBER_OBJECT_CONVERSION = YES_AGGRESSIVE;
				CLANG_CXX_LANGUAGE_STANDARD = "gnu++14";
				CLANG_CXX_LIBRARY = "libc++";
				CLANG_ENABLE_MODULES = YES;
				CLANG_ENABLE_OBJC_ARC = YES;
				CLANG_ENABLE_OBJC_WEAK = YES;
				CLANG_WARN_BLOCK_CAPTURE_AUTORELEASING = YES;
				CLANG_WARN_BOOL_CONVERSION = YES;
				CLANG_WARN_COMMA = YES;
				CLANG_WARN_CONSTANT_CONVERSION = YES;
				CLANG_WARN_DEPRECATED_OBJC_IMPLEMENTATIONS = YES;
				CLANG_WARN_DIRECT_OBJC_ISA_USAGE = YES_ERROR;
				CLANG_WARN_DOCUMENTATION_COMMENTS = YES;
				CLANG_WARN_EMPTY_BODY = YES;
				CLANG_WARN_ENUM_CONVERSION = YES;
				CLANG_WARN_INFINITE_RECURSION = YES;
				CLANG_WARN_INT_CONVERSION = YES;
				CLANG_WARN_NON_LITERAL_NULL_CONVERSION = YES;
				CLANG_WARN_OBJC_IMPLICIT_RETAIN_SELF = YES;
				CLANG_WARN_OBJC_LITERAL_CONVERSION = YES;
				CLANG_WARN_OBJC_ROOT_CLASS = YES_ERROR;
				CLANG_WARN_RANGE_LOOP_ANALYSIS = YES;
				CLANG_WARN_STRICT_PROTOTYPES = YES;
				CLANG_WARN_SUSPICIOUS_MOVE = YES;
				CLANG_WARN_UNGUARDED_AVAILABILITY = YES_AGGRESSIVE;
				CLANG_WARN_UNREACHABLE_CODE = YES;
				CLANG_WARN__DUPLICATE_METHOD_MATCH = YES;
				COPY_PHASE_STRIP = NO;
				DEBUG_INFORMATION_FORMAT = "dwarf-with-dsym";
				ENABLE_NS_ASSERTIONS = NO;
				ENABLE_STRICT_OBJC_MSGSEND = YES;
				GCC_C_LANGUAGE_STANDARD = gnu11;
				GCC_NO_COMMON_BLOCKS = YES;
				GCC_WARN_64_TO_32_BIT_CONVERSION = YES;
				GCC_WARN_ABOUT_RETURN_TYPE = YES_ERROR;
				GCC_WARN_UNDECLARED_SELECTOR = YES;
				GCC_WARN_UNINITIALIZED_AUTOS = YES_AGGRESSIVE;
				GCC_WARN_UNUSED_FUNCTION = YES;
				GCC_WARN_UNUSED_VARIABLE = YES;
				IPHONEOS_DEPLOYMENT_TARGET = 13.4;
				MTL_ENABLE_DEBUG_INFO = NO;
				MTL_FAST_MATH = YES;
				SDKROOT = iphoneos;
				SWIFT_COMPILATION_MODE = wholemodule;
				SWIFT_OPTIMIZATION_LEVEL = "-O";
				VALIDATE_PRODUCT = YES;
			};
			name = Release;
		};
		6A03B3DF242FC154001A080D /* Debug */ = {
			isa = XCBuildConfiguration;
			buildSettings = {
				ASSETCATALOG_COMPILER_APPICON_NAME = AppIcon;
				CODE_SIGN_STYLE = Automatic;
				DEVELOPMENT_ASSET_PATHS = "\"PizzaApp/Preview Content\"";
				DEVELOPMENT_TEAM = 42XJ42EAUV;
				ENABLE_PREVIEWS = YES;
				INFOPLIST_FILE = PizzaApp/Info.plist;
				LD_RUNPATH_SEARCH_PATHS = (
					"$(inherited)",
					"@executable_path/Frameworks",
				);
				PRODUCT_BUNDLE_IDENTIFIER = dev.alexfranco.mtwdw.PizzaApp;
				PRODUCT_NAME = "$(TARGET_NAME)";
				SWIFT_VERSION = 5.0;
				TARGETED_DEVICE_FAMILY = "1,2";
			};
			name = Debug;
		};
		6A03B3E0242FC154001A080D /* Release */ = {
			isa = XCBuildConfiguration;
			buildSettings = {
				ASSETCATALOG_COMPILER_APPICON_NAME = AppIcon;
				CODE_SIGN_STYLE = Automatic;
				DEVELOPMENT_ASSET_PATHS = "\"PizzaApp/Preview Content\"";
				DEVELOPMENT_TEAM = 42XJ42EAUV;
				ENABLE_PREVIEWS = YES;
				INFOPLIST_FILE = PizzaApp/Info.plist;
				LD_RUNPATH_SEARCH_PATHS = (
					"$(inherited)",
					"@executable_path/Frameworks",
				);
				PRODUCT_BUNDLE_IDENTIFIER = dev.alexfranco.mtwdw.PizzaApp;
				PRODUCT_NAME = "$(TARGET_NAME)";
				SWIFT_VERSION = 5.0;
				TARGETED_DEVICE_FAMILY = "1,2";
			};
			name = Release;
		};
/* End XCBuildConfiguration section */

/* Begin XCConfigurationList section */
		6A03B3C2242FC14F001A080D /* Build configuration list for PBXProject "PizzaApp" */ = {
			isa = XCConfigurationList;
			buildConfigurations = (
				6A03B3DC242FC154001A080D /* Debug */,
				6A03B3DD242FC154001A080D /* Release */,
			);
			defaultConfigurationIsVisible = 0;
			defaultConfigurationName = Release;
		};
		6A03B3DE242FC154001A080D /* Build configuration list for PBXNativeTarget "PizzaApp" */ = {
			isa = XCConfigurationList;
			buildConfigurations = (
				6A03B3DF242FC154001A080D /* Debug */,
				6A03B3E0242FC154001A080D /* Release */,
			);
			defaultConfigurationIsVisible = 0;
			defaultConfigurationName = Release;
		};
/* End XCConfigurationList section */

/* Begin XCVersionGroup section */
		6A03B3CE242FC14F001A080D /* PizzaApp.xcdatamodeld */ = {
			isa = XCVersionGroup;
			children = (
				6A03B3CF242FC14F001A080D /* PizzaApp.xcdatamodel */,
			);
			currentVersion = 6A03B3CF242FC14F001A080D /* PizzaApp.xcdatamodel */;
			path = PizzaApp.xcdatamodeld;
			sourceTree = "<group>";
			versionGroupType = wrapper.xcdatamodel;
		};
/* End XCVersionGroup section */
	};
	rootObject = 6A03B3BF242FC14F001A080D /* Project object */;
}
